
Microsoft Visual Studio Solution File, Format Version 12.00
# Visual Studio Version 17
VisualStudioVersion = 17.4.33205.214
MinimumVisualStudioVersion = 10.0.40219.1
Project("{9A19103F-16F7-4668-BE54-9A1E7A4F7556}") = "AimSolutions_Scrapper", "WinFormsApp2\AimSolutions_Scrapper.csproj", "{8ED98172-25D5-40A6-94B5-0A19D01F56A0}"
EndProject
Global
	GlobalSection(SolutionConfigurationPlatforms) = preSolution
		Debug|Any CPU = Debug|Any CPU
		Release|Any CPU = Release|Any CPU
	EndGlobalSection
	GlobalSection(ProjectConfigurationPlatforms) = postSolution
		{8ED98172-25D5-40A6-94B5-0A19D01F56A0}.Debug|Any CPU.ActiveCfg = Debug|Any CPU
		{8ED98172-25D5-40A6-94B5-0A19D01F56A0}.Debug|Any CPU.Build.0 = Debug|Any CPU
		{8ED98172-25D5-40A6-94B5-0A19D01F56A0}.Release|Any CPU.ActiveCfg = Release|Any CPU
		{8ED98172-25D5-40A6-94B5-0A19D01F56A0}.Release|Any CPU.Build.0 = Release|Any CPU
	EndGlobalSection
	GlobalSection(SolutionProperties) = preSolution
		HideSolutionNode = FALSE
	EndGlobalSection
	GlobalSection(ExtensibilityGlobals) = postSolution
		SolutionGuid = {45154B4D-1043-4B21-B356-B761E9F573EF}
	EndGlobalSection
EndGlobal
